
Microsoft Visual Studio Solution File, Format Version 12.00
# Visual Studio Version 17
VisualStudioVersion = 17.3.32825.248
MinimumVisualStudioVersion = 10.0.40219.1
Project("{9A19103F-16F7-4668-BE54-9A1E7A4F7556}") = "GARCA", "GARCA\GARCA.csproj", "{5F5878E5-C8B5-4F58-8437-BBFD40871BD6}"
EndProject
Project("{9A19103F-16F7-4668-BE54-9A1E7A4F7556}") = "GARCA.Utils", "GARCA_UTIL\GARCA.Utils.csproj", "{F57B92C4-3A3C-4D0F-8C53-47DC0F2F3000}"
EndProject
Project("{2150E333-8FDC-42A3-9474-1A3956D46DE8}") = "DesktopApp", "DesktopApp", "{67A79F84-4BB5-4618-9689-18E5ADE8CD5E}"
EndProject
Project("{2150E333-8FDC-42A3-9474-1A3956D46DE8}") = "WebApp", "WebApp", "{A2FEC4C3-7AD2-400A-A02E-774A967FF0E7}"
EndProject
Project("{9A19103F-16F7-4668-BE54-9A1E7A4F7556}") = "GARCA.Data", "GARCA_DATA\GARCA.Data.csproj", "{FD6CE350-0BFD-4031-B54C-BF4D1FDD1556}"
EndProject
Project("{9A19103F-16F7-4668-BE54-9A1E7A4F7556}") = "GARCA.Model", "GARCA_MODEL\GARCA.Model.csproj", "{6B6492BE-B12C-4F75-977E-A86C18E1120E}"
EndProject
Project("{9A19103F-16F7-4668-BE54-9A1E7A4F7556}") = "GARCA.wsData", "GARCA.WSDATA\GARCA.wsData.csproj", "{B7AF5A8D-CFD6-42C9-A5F0-D46F304E6E87}"
EndProject
Project("{9A19103F-16F7-4668-BE54-9A1E7A4F7556}") = "GARCA.wsTests", "GARCA.wsTests\GARCA.wsTests.csproj", "{B8B7C241-54AA-4202-8ED3-5B1BAB4D8412}"
EndProject
Project("{2150E333-8FDC-42A3-9474-1A3956D46DE8}") = "Comun", "Comun", "{798D77E8-0024-4CED-A21A-6260728F7E58}"
EndProject
Project("{2150E333-8FDC-42A3-9474-1A3956D46DE8}") = "Test", "Test", "{65D59929-08F7-4B15-8A55-626B10104B0C}"
EndProject
Project("{9A19103F-16F7-4668-BE54-9A1E7A4F7556}") = "GARCA.Web.Data", "GARCA.Web.Data\GARCA.Web.Data.csproj", "{9BF52DE0-CC4E-4BEE-ACB3-8561EE5FEFD2}"
EndProject
Project("{9A19103F-16F7-4668-BE54-9A1E7A4F7556}") = "GARCA.Web", "GARCA.Web\GARCA.Web\GARCA.Web.csproj", "{EE85B932-20C5-4823-9B92-75719B3F52BE}"
EndProject
Global
	GlobalSection(SolutionConfigurationPlatforms) = preSolution
		Debug|Any CPU = Debug|Any CPU
		Debug|x64 = Debug|x64
		Release|Any CPU = Release|Any CPU
		Release|x64 = Release|x64
		Test|Any CPU = Test|Any CPU
		Test|x64 = Test|x64
	EndGlobalSection
	GlobalSection(ProjectConfigurationPlatforms) = postSolution
		{5F5878E5-C8B5-4F58-8437-BBFD40871BD6}.Debug|Any CPU.ActiveCfg = Debug|Any CPU
		{5F5878E5-C8B5-4F58-8437-BBFD40871BD6}.Debug|Any CPU.Build.0 = Debug|Any CPU
		{5F5878E5-C8B5-4F58-8437-BBFD40871BD6}.Debug|x64.ActiveCfg = Debug|Any CPU
		{5F5878E5-C8B5-4F58-8437-BBFD40871BD6}.Debug|x64.Build.0 = Debug|Any CPU
		{5F5878E5-C8B5-4F58-8437-BBFD40871BD6}.Release|Any CPU.ActiveCfg = Release|Any CPU
		{5F5878E5-C8B5-4F58-8437-BBFD40871BD6}.Release|Any CPU.Build.0 = Release|Any CPU
		{5F5878E5-C8B5-4F58-8437-BBFD40871BD6}.Release|x64.ActiveCfg = Release|Any CPU
		{5F5878E5-C8B5-4F58-8437-BBFD40871BD6}.Release|x64.Build.0 = Release|Any CPU
		{5F5878E5-C8B5-4F58-8437-BBFD40871BD6}.Test|Any CPU.ActiveCfg = TEST|Any CPU
		{5F5878E5-C8B5-4F58-8437-BBFD40871BD6}.Test|Any CPU.Build.0 = TEST|Any CPU
		{5F5878E5-C8B5-4F58-8437-BBFD40871BD6}.Test|x64.ActiveCfg = TEST|Any CPU
		{5F5878E5-C8B5-4F58-8437-BBFD40871BD6}.Test|x64.Build.0 = TEST|Any CPU
		{F57B92C4-3A3C-4D0F-8C53-47DC0F2F3000}.Debug|Any CPU.ActiveCfg = Debug|Any CPU
		{F57B92C4-3A3C-4D0F-8C53-47DC0F2F3000}.Debug|Any CPU.Build.0 = Debug|Any CPU
		{F57B92C4-3A3C-4D0F-8C53-47DC0F2F3000}.Debug|x64.ActiveCfg = Debug|Any CPU
		{F57B92C4-3A3C-4D0F-8C53-47DC0F2F3000}.Debug|x64.Build.0 = Debug|Any CPU
		{F57B92C4-3A3C-4D0F-8C53-47DC0F2F3000}.Release|Any CPU.ActiveCfg = Release|Any CPU
		{F57B92C4-3A3C-4D0F-8C53-47DC0F2F3000}.Release|Any CPU.Build.0 = Release|Any CPU
		{F57B92C4-3A3C-4D0F-8C53-47DC0F2F3000}.Release|x64.ActiveCfg = Release|Any CPU
		{F57B92C4-3A3C-4D0F-8C53-47DC0F2F3000}.Release|x64.Build.0 = Release|Any CPU
		{F57B92C4-3A3C-4D0F-8C53-47DC0F2F3000}.Test|Any CPU.ActiveCfg = TEST|Any CPU
		{F57B92C4-3A3C-4D0F-8C53-47DC0F2F3000}.Test|Any CPU.Build.0 = TEST|Any CPU
		{F57B92C4-3A3C-4D0F-8C53-47DC0F2F3000}.Test|x64.ActiveCfg = TEST|Any CPU
		{F57B92C4-3A3C-4D0F-8C53-47DC0F2F3000}.Test|x64.Build.0 = TEST|Any CPU
		{FD6CE350-0BFD-4031-B54C-BF4D1FDD1556}.Debug|Any CPU.ActiveCfg = Debug|Any CPU
		{FD6CE350-0BFD-4031-B54C-BF4D1FDD1556}.Debug|Any CPU.Build.0 = Debug|Any CPU
		{FD6CE350-0BFD-4031-B54C-BF4D1FDD1556}.Debug|x64.ActiveCfg = Debug|Any CPU
		{FD6CE350-0BFD-4031-B54C-BF4D1FDD1556}.Debug|x64.Build.0 = Debug|Any CPU
		{FD6CE350-0BFD-4031-B54C-BF4D1FDD1556}.Release|Any CPU.ActiveCfg = Release|Any CPU
		{FD6CE350-0BFD-4031-B54C-BF4D1FDD1556}.Release|Any CPU.Build.0 = Release|Any CPU
		{FD6CE350-0BFD-4031-B54C-BF4D1FDD1556}.Release|x64.ActiveCfg = Release|Any CPU
		{FD6CE350-0BFD-4031-B54C-BF4D1FDD1556}.Release|x64.Build.0 = Release|Any CPU
		{FD6CE350-0BFD-4031-B54C-BF4D1FDD1556}.Test|Any CPU.ActiveCfg = TEST|Any CPU
		{FD6CE350-0BFD-4031-B54C-BF4D1FDD1556}.Test|Any CPU.Build.0 = TEST|Any CPU
		{FD6CE350-0BFD-4031-B54C-BF4D1FDD1556}.Test|x64.ActiveCfg = TEST|Any CPU
		{FD6CE350-0BFD-4031-B54C-BF4D1FDD1556}.Test|x64.Build.0 = TEST|Any CPU
		{6B6492BE-B12C-4F75-977E-A86C18E1120E}.Debug|Any CPU.ActiveCfg = Debug|Any CPU
		{6B6492BE-B12C-4F75-977E-A86C18E1120E}.Debug|Any CPU.Build.0 = Debug|Any CPU
		{6B6492BE-B12C-4F75-977E-A86C18E1120E}.Debug|x64.ActiveCfg = Debug|Any CPU
		{6B6492BE-B12C-4F75-977E-A86C18E1120E}.Debug|x64.Build.0 = Debug|Any CPU
		{6B6492BE-B12C-4F75-977E-A86C18E1120E}.Release|Any CPU.ActiveCfg = Release|Any CPU
		{6B6492BE-B12C-4F75-977E-A86C18E1120E}.Release|Any CPU.Build.0 = Release|Any CPU
		{6B6492BE-B12C-4F75-977E-A86C18E1120E}.Release|x64.ActiveCfg = Release|Any CPU
		{6B6492BE-B12C-4F75-977E-A86C18E1120E}.Release|x64.Build.0 = Release|Any CPU
		{6B6492BE-B12C-4F75-977E-A86C18E1120E}.Test|Any CPU.ActiveCfg = TEST|Any CPU
		{6B6492BE-B12C-4F75-977E-A86C18E1120E}.Test|Any CPU.Build.0 = TEST|Any CPU
		{6B6492BE-B12C-4F75-977E-A86C18E1120E}.Test|x64.ActiveCfg = TEST|Any CPU
		{6B6492BE-B12C-4F75-977E-A86C18E1120E}.Test|x64.Build.0 = TEST|Any CPU
		{B7AF5A8D-CFD6-42C9-A5F0-D46F304E6E87}.Debug|Any CPU.ActiveCfg = Debug|Any CPU
		{B7AF5A8D-CFD6-42C9-A5F0-D46F304E6E87}.Debug|Any CPU.Build.0 = Debug|Any CPU
		{B7AF5A8D-CFD6-42C9-A5F0-D46F304E6E87}.Debug|x64.ActiveCfg = Debug|Any CPU
		{B7AF5A8D-CFD6-42C9-A5F0-D46F304E6E87}.Debug|x64.Build.0 = Debug|Any CPU
		{B7AF5A8D-CFD6-42C9-A5F0-D46F304E6E87}.Release|Any CPU.ActiveCfg = Release|Any CPU
		{B7AF5A8D-CFD6-42C9-A5F0-D46F304E6E87}.Release|Any CPU.Build.0 = Release|Any CPU
		{B7AF5A8D-CFD6-42C9-A5F0-D46F304E6E87}.Release|x64.ActiveCfg = Release|Any CPU
		{B7AF5A8D-CFD6-42C9-A5F0-D46F304E6E87}.Release|x64.Build.0 = Release|Any CPU
		{B7AF5A8D-CFD6-42C9-A5F0-D46F304E6E87}.Test|Any CPU.ActiveCfg = TEST|Any CPU
		{B7AF5A8D-CFD6-42C9-A5F0-D46F304E6E87}.Test|Any CPU.Build.0 = TEST|Any CPU
		{B7AF5A8D-CFD6-42C9-A5F0-D46F304E6E87}.Test|x64.ActiveCfg = TEST|Any CPU
		{B7AF5A8D-CFD6-42C9-A5F0-D46F304E6E87}.Test|x64.Build.0 = TEST|Any CPU
		{B8B7C241-54AA-4202-8ED3-5B1BAB4D8412}.Debug|Any CPU.ActiveCfg = Debug|Any CPU
		{B8B7C241-54AA-4202-8ED3-5B1BAB4D8412}.Debug|Any CPU.Build.0 = Debug|Any CPU
		{B8B7C241-54AA-4202-8ED3-5B1BAB4D8412}.Debug|x64.ActiveCfg = Debug|Any CPU
		{B8B7C241-54AA-4202-8ED3-5B1BAB4D8412}.Debug|x64.Build.0 = Debug|Any CPU
		{B8B7C241-54AA-4202-8ED3-5B1BAB4D8412}.Release|Any CPU.ActiveCfg = Release|Any CPU
		{B8B7C241-54AA-4202-8ED3-5B1BAB4D8412}.Release|Any CPU.Build.0 = Release|Any CPU
		{B8B7C241-54AA-4202-8ED3-5B1BAB4D8412}.Release|x64.ActiveCfg = Release|Any CPU
		{B8B7C241-54AA-4202-8ED3-5B1BAB4D8412}.Test|Any CPU.ActiveCfg = Debug|Any CPU
		{B8B7C241-54AA-4202-8ED3-5B1BAB4D8412}.Test|Any CPU.Build.0 = Debug|Any CPU
		{B8B7C241-54AA-4202-8ED3-5B1BAB4D8412}.Test|x64.ActiveCfg = TEST|Any CPU
		{B8B7C241-54AA-4202-8ED3-5B1BAB4D8412}.Test|x64.Build.0 = TEST|Any CPU
		{9BF52DE0-CC4E-4BEE-ACB3-8561EE5FEFD2}.Debug|Any CPU.ActiveCfg = Debug|Any CPU
		{9BF52DE0-CC4E-4BEE-ACB3-8561EE5FEFD2}.Debug|Any CPU.Build.0 = Debug|Any CPU
		{9BF52DE0-CC4E-4BEE-ACB3-8561EE5FEFD2}.Debug|x64.ActiveCfg = Debug|Any CPU
		{9BF52DE0-CC4E-4BEE-ACB3-8561EE5FEFD2}.Debug|x64.Build.0 = Debug|Any CPU
		{9BF52DE0-CC4E-4BEE-ACB3-8561EE5FEFD2}.Release|Any CPU.ActiveCfg = Release|Any CPU
		{9BF52DE0-CC4E-4BEE-ACB3-8561EE5FEFD2}.Release|Any CPU.Build.0 = Release|Any CPU
		{9BF52DE0-CC4E-4BEE-ACB3-8561EE5FEFD2}.Release|x64.ActiveCfg = Release|Any CPU
		{9BF52DE0-CC4E-4BEE-ACB3-8561EE5FEFD2}.Release|x64.Build.0 = Release|Any CPU
		{9BF52DE0-CC4E-4BEE-ACB3-8561EE5FEFD2}.Test|Any CPU.ActiveCfg = Debug|Any CPU
		{9BF52DE0-CC4E-4BEE-ACB3-8561EE5FEFD2}.Test|Any CPU.Build.0 = Debug|Any CPU
		{9BF52DE0-CC4E-4BEE-ACB3-8561EE5FEFD2}.Test|x64.ActiveCfg = Debug|Any CPU
		{9BF52DE0-CC4E-4BEE-ACB3-8561EE5FEFD2}.Test|x64.Build.0 = Debug|Any CPU
		{EE85B932-20C5-4823-9B92-75719B3F52BE}.Debug|Any CPU.ActiveCfg = Debug|Any CPU
		{EE85B932-20C5-4823-9B92-75719B3F52BE}.Debug|Any CPU.Build.0 = Debug|Any CPU
		{EE85B932-20C5-4823-9B92-75719B3F52BE}.Debug|x64.ActiveCfg = Debug|Any CPU
		{EE85B932-20C5-4823-9B92-75719B3F52BE}.Debug|x64.Build.0 = Debug|Any CPU
		{EE85B932-20C5-4823-9B92-75719B3F52BE}.Release|Any CPU.ActiveCfg = Release|Any CPU
		{EE85B932-20C5-4823-9B92-75719B3F52BE}.Release|Any CPU.Build.0 = Release|Any CPU
		{EE85B932-20C5-4823-9B92-75719B3F52BE}.Release|x64.ActiveCfg = Release|Any CPU
		{EE85B932-20C5-4823-9B92-75719B3F52BE}.Release|x64.Build.0 = Release|Any CPU
		{EE85B932-20C5-4823-9B92-75719B3F52BE}.Test|Any CPU.ActiveCfg = Debug|Any CPU
		{EE85B932-20C5-4823-9B92-75719B3F52BE}.Test|Any CPU.Build.0 = Debug|Any CPU
		{EE85B932-20C5-4823-9B92-75719B3F52BE}.Test|x64.ActiveCfg = Debug|Any CPU
		{EE85B932-20C5-4823-9B92-75719B3F52BE}.Test|x64.Build.0 = Debug|Any CPU
	EndGlobalSection
	GlobalSection(SolutionProperties) = preSolution
		HideSolutionNode = FALSE
	EndGlobalSection
	GlobalSection(NestedProjects) = preSolution
		{5F5878E5-C8B5-4F58-8437-BBFD40871BD6} = {67A79F84-4BB5-4618-9689-18E5ADE8CD5E}
		{F57B92C4-3A3C-4D0F-8C53-47DC0F2F3000} = {798D77E8-0024-4CED-A21A-6260728F7E58}
		{FD6CE350-0BFD-4031-B54C-BF4D1FDD1556} = {67A79F84-4BB5-4618-9689-18E5ADE8CD5E}
		{6B6492BE-B12C-4F75-977E-A86C18E1120E} = {798D77E8-0024-4CED-A21A-6260728F7E58}
		{B7AF5A8D-CFD6-42C9-A5F0-D46F304E6E87} = {A2FEC4C3-7AD2-400A-A02E-774A967FF0E7}
		{B8B7C241-54AA-4202-8ED3-5B1BAB4D8412} = {65D59929-08F7-4B15-8A55-626B10104B0C}
		{9BF52DE0-CC4E-4BEE-ACB3-8561EE5FEFD2} = {A2FEC4C3-7AD2-400A-A02E-774A967FF0E7}
		{EE85B932-20C5-4823-9B92-75719B3F52BE} = {A2FEC4C3-7AD2-400A-A02E-774A967FF0E7}
	EndGlobalSection
	GlobalSection(ExtensibilityGlobals) = postSolution
		SolutionGuid = {FED0E935-BB1F-4A61-89F9-24F23D7172BD}
	EndGlobalSection
EndGlobal
