
Microsoft Visual Studio Solution File, Format Version 12.00
# Visual Studio Version 17
VisualStudioVersion = 17.3.32825.248
MinimumVisualStudioVersion = 10.0.40219.1
Project("{9A19103F-16F7-4668-BE54-9A1E7A4F7556}") = "GARCA.DAO", "GARCA.DAO\GARCA.DAO.csproj", "{B6A479E5-1867-4BED-B8CD-726DF3AB4E9E}"
EndProject
Project("{9A19103F-16F7-4668-BE54-9A1E7A4F7556}") = "GARCA.BO", "GARCA.BO\GARCA.BO.csproj", "{2110F952-1CB3-4EC6-A5F3-6990913E4A32}"
EndProject
Project("{9A19103F-16F7-4668-BE54-9A1E7A4F7556}") = "GARCA.WebReport", "GARCA.WebReport\GARCA.WebReport.csproj", "{6D1A91A4-E299-4DD4-857D-EC0ACB433611}"
EndProject
Project("{9A19103F-16F7-4668-BE54-9A1E7A4F7556}") = "GARCA", "GARCA\GARCA.csproj", "{5F5878E5-C8B5-4F58-8437-BBFD40871BD6}"
EndProject
Global
	GlobalSection(SolutionConfigurationPlatforms) = preSolution
		Debug|Any CPU = Debug|Any CPU
		Debug|x64 = Debug|x64
		Release|Any CPU = Release|Any CPU
		Release|x64 = Release|x64
	EndGlobalSection
	GlobalSection(ProjectConfigurationPlatforms) = postSolution
		{B6A479E5-1867-4BED-B8CD-726DF3AB4E9E}.Debug|Any CPU.ActiveCfg = Debug|Any CPU
		{B6A479E5-1867-4BED-B8CD-726DF3AB4E9E}.Debug|Any CPU.Build.0 = Debug|Any CPU
		{B6A479E5-1867-4BED-B8CD-726DF3AB4E9E}.Debug|x64.ActiveCfg = Debug|Any CPU
		{B6A479E5-1867-4BED-B8CD-726DF3AB4E9E}.Debug|x64.Build.0 = Debug|Any CPU
		{B6A479E5-1867-4BED-B8CD-726DF3AB4E9E}.Release|Any CPU.ActiveCfg = Release|Any CPU
		{B6A479E5-1867-4BED-B8CD-726DF3AB4E9E}.Release|Any CPU.Build.0 = Release|Any CPU
		{B6A479E5-1867-4BED-B8CD-726DF3AB4E9E}.Release|x64.ActiveCfg = Release|Any CPU
		{B6A479E5-1867-4BED-B8CD-726DF3AB4E9E}.Release|x64.Build.0 = Release|Any CPU
		{2110F952-1CB3-4EC6-A5F3-6990913E4A32}.Debug|Any CPU.ActiveCfg = Debug|Any CPU
		{2110F952-1CB3-4EC6-A5F3-6990913E4A32}.Debug|Any CPU.Build.0 = Debug|Any CPU
		{2110F952-1CB3-4EC6-A5F3-6990913E4A32}.Debug|x64.ActiveCfg = Debug|Any CPU
		{2110F952-1CB3-4EC6-A5F3-6990913E4A32}.Debug|x64.Build.0 = Debug|Any CPU
		{2110F952-1CB3-4EC6-A5F3-6990913E4A32}.Release|Any CPU.ActiveCfg = Release|Any CPU
		{2110F952-1CB3-4EC6-A5F3-6990913E4A32}.Release|Any CPU.Build.0 = Release|Any CPU
		{2110F952-1CB3-4EC6-A5F3-6990913E4A32}.Release|x64.ActiveCfg = Release|Any CPU
		{2110F952-1CB3-4EC6-A5F3-6990913E4A32}.Release|x64.Build.0 = Release|Any CPU
		{6D1A91A4-E299-4DD4-857D-EC0ACB433611}.Debug|Any CPU.ActiveCfg = Debug|Any CPU
		{6D1A91A4-E299-4DD4-857D-EC0ACB433611}.Debug|Any CPU.Build.0 = Debug|Any CPU
		{6D1A91A4-E299-4DD4-857D-EC0ACB433611}.Debug|x64.ActiveCfg = Debug|Any CPU
		{6D1A91A4-E299-4DD4-857D-EC0ACB433611}.Debug|x64.Build.0 = Debug|Any CPU
		{6D1A91A4-E299-4DD4-857D-EC0ACB433611}.Release|Any CPU.ActiveCfg = Release|Any CPU
		{6D1A91A4-E299-4DD4-857D-EC0ACB433611}.Release|Any CPU.Build.0 = Release|Any CPU
		{6D1A91A4-E299-4DD4-857D-EC0ACB433611}.Release|x64.ActiveCfg = Release|Any CPU
		{6D1A91A4-E299-4DD4-857D-EC0ACB433611}.Release|x64.Build.0 = Release|Any CPU
		{5F5878E5-C8B5-4F58-8437-BBFD40871BD6}.Debug|Any CPU.ActiveCfg = Debug|Any CPU
		{5F5878E5-C8B5-4F58-8437-BBFD40871BD6}.Debug|Any CPU.Build.0 = Debug|Any CPU
		{5F5878E5-C8B5-4F58-8437-BBFD40871BD6}.Debug|x64.ActiveCfg = Debug|Any CPU
		{5F5878E5-C8B5-4F58-8437-BBFD40871BD6}.Debug|x64.Build.0 = Debug|Any CPU
		{5F5878E5-C8B5-4F58-8437-BBFD40871BD6}.Release|Any CPU.ActiveCfg = Release|Any CPU
		{5F5878E5-C8B5-4F58-8437-BBFD40871BD6}.Release|Any CPU.Build.0 = Release|Any CPU
		{5F5878E5-C8B5-4F58-8437-BBFD40871BD6}.Release|x64.ActiveCfg = Release|Any CPU
		{5F5878E5-C8B5-4F58-8437-BBFD40871BD6}.Release|x64.Build.0 = Release|Any CPU
	EndGlobalSection
	GlobalSection(SolutionProperties) = preSolution
		HideSolutionNode = FALSE
	EndGlobalSection
	GlobalSection(ExtensibilityGlobals) = postSolution
		SolutionGuid = {FED0E935-BB1F-4A61-89F9-24F23D7172BD}
	EndGlobalSection
EndGlobal
